
Microsoft Visual Studio Solution File, Format Version 12.00
# Visual Studio Version 17
VisualStudioVersion = 17.11.35327.3
MinimumVisualStudioVersion = 10.0.40219.1
Project("{FAE04EC0-301F-11D3-BF4B-00C04F79EFBC}") = "BookStoreApp", "BookStoreApp\BookStoreApp.csproj", "{1A87CDB4-01FB-4070-9BBA-66C09547E234}"
EndProject
Global
	GlobalSection(SolutionConfigurationPlatforms) = preSolution
		Debug|Any CPU = Debug|Any CPU
		Release|Any CPU = Release|Any CPU
	EndGlobalSection
	GlobalSection(ProjectConfigurationPlatforms) = postSolution
		{1A87CDB4-01FB-4070-9BBA-66C09547E234}.Debug|Any CPU.ActiveCfg = Debug|Any CPU
		{1A87CDB4-01FB-4070-9BBA-66C09547E234}.Debug|Any CPU.Build.0 = Debug|Any CPU
		{1A87CDB4-01FB-4070-9BBA-66C09547E234}.Release|Any CPU.ActiveCfg = Release|Any CPU
		{1A87CDB4-01FB-4070-9BBA-66C09547E234}.Release|Any CPU.Build.0 = Release|Any CPU
	EndGlobalSection
	GlobalSection(SolutionProperties) = preSolution
		HideSolutionNode = FALSE
	EndGlobalSection
	GlobalSection(ExtensibilityGlobals) = postSolution
		SolutionGuid = {5067BC4E-E76D-4CB0-98D8-1EFC9E822E53}
	EndGlobalSection
EndGlobal
